// !$*UTF8*$!
{
	archiveVersion = 1;
	classes = {
	};
	objectVersion = 50;
	objects = {

/* Begin PBXBuildFile section */
		2D078295238F6AD00007327C /* CommonClassLists.swift in Sources */ = {isa = PBXBuildFile; fileRef = 2D078294238F6AD00007327C /* CommonClassLists.swift */; };
		2D56C0C2238D50B60030D02E /* TableViewController.swift in Sources */ = {isa = PBXBuildFile; fileRef = 2D56C0C1238D50B60030D02E /* TableViewController.swift */; };
		2D56C0C4238D53D80030D02E /* AppDelegate.swift in Sources */ = {isa = PBXBuildFile; fileRef = 2D56C0C3238D53D80030D02E /* AppDelegate.swift */; };
		2D5FBE9B239110C200025F48 /* MajorClassLists.swift in Sources */ = {isa = PBXBuildFile; fileRef = 2D5FBE9A239110C200025F48 /* MajorClassLists.swift */; };
		2DB8F5912390103E00D6C59F /* TabBarController.swift in Sources */ = {isa = PBXBuildFile; fileRef = 2DB8F5902390103E00D6C59F /* TabBarController.swift */; };
		2DEC93102387CDDF0034759E /* Main.storyboard in Resources */ = {isa = PBXBuildFile; fileRef = 2DEC930E2387CDDF0034759E /* Main.storyboard */; };
		2DEC93122387CDE00034759E /* Assets.xcassets in Resources */ = {isa = PBXBuildFile; fileRef = 2DEC93112387CDE00034759E /* Assets.xcassets */; };
		2DEC93152387CDE00034759E /* LaunchScreen.storyboard in Resources */ = {isa = PBXBuildFile; fileRef = 2DEC93132387CDE00034759E /* LaunchScreen.storyboard */; };
		A244D52123A8AA580013EF2E /* ViewController.swift in Sources */ = {isa = PBXBuildFile; fileRef = A244D52023A8AA580013EF2E /* ViewController.swift */; };
/* End PBXBuildFile section */

/* Begin PBXFileReference section */
		2D078294238F6AD00007327C /* CommonClassLists.swift */ = {isa = PBXFileReference; fileEncoding = 4; lastKnownFileType = sourcecode.swift; path = CommonClassLists.swift; sourceTree = "<group>"; };
		2D56C0C1238D50B60030D02E /* TableViewController.swift */ = {isa = PBXFileReference; lastKnownFileType = sourcecode.swift; path = TableViewController.swift; sourceTree = "<group>"; };
		2D56C0C3238D53D80030D02E /* AppDelegate.swift */ = {isa = PBXFileReference; fileEncoding = 4; lastKnownFileType = sourcecode.swift; path = AppDelegate.swift; sourceTree = "<group>"; };
		2D5FBE9A239110C200025F48 /* MajorClassLists.swift */ = {isa = PBXFileReference; fileEncoding = 4; lastKnownFileType = sourcecode.swift; path = MajorClassLists.swift; sourceTree = "<group>"; };
		2DB8F5902390103E00D6C59F /* TabBarController.swift */ = {isa = PBXFileReference; lastKnownFileType = sourcecode.swift; path = TabBarController.swift; sourceTree = "<group>"; };
		2DEC93072387CDDF0034759E /* softwearC.app */ = {isa = PBXFileReference; explicitFileType = wrapper.application; includeInIndex = 0; path = softwearC.app; sourceTree = BUILT_PRODUCTS_DIR; };
		2DEC930F2387CDDF0034759E /* Base */ = {isa = PBXFileReference; lastKnownFileType = file.storyboard; name = Base; path = Base.lproj/Main.storyboard; sourceTree = "<group>"; };
		2DEC93112387CDE00034759E /* Assets.xcassets */ = {isa = PBXFileReference; lastKnownFileType = folder.assetcatalog; path = Assets.xcassets; sourceTree = "<group>"; };
		2DEC93142387CDE00034759E /* Base */ = {isa = PBXFileReference; lastKnownFileType = file.storyboard; name = Base; path = Base.lproj/LaunchScreen.storyboard; sourceTree = "<group>"; };
		2DEC93162387CDE00034759E /* Info.plist */ = {isa = PBXFileReference; lastKnownFileType = text.plist.xml; path = Info.plist; sourceTree = "<group>"; };
		A244D52023A8AA580013EF2E /* ViewController.swift */ = {isa = PBXFileReference; lastKnownFileType = sourcecode.swift; path = ViewController.swift; sourceTree = "<group>"; };
/* End PBXFileReference section */

/* Begin PBXFrameworksBuildPhase section */
		2DEC93042387CDDF0034759E /* Frameworks */ = {
			isa = PBXFrameworksBuildPhase;
			buildActionMask = 2147483647;
			files = (
			);
			runOnlyForDeploymentPostprocessing = 0;
		};
/* End PBXFrameworksBuildPhase section */

/* Begin PBXGroup section */
		2DEC92FE2387CDDF0034759E = {
			isa = PBXGroup;
			children = (
				2DEC93092387CDDF0034759E /* softwearC */,
				2DEC93082387CDDF0034759E /* Products */,
			);
			sourceTree = "<group>";
		};
		2DEC93082387CDDF0034759E /* Products */ = {
			isa = PBXGroup;
			children = (
				2DEC93072387CDDF0034759E /* softwearC.app */,
			);
			name = Products;
			sourceTree = "<group>";
		};
		2DEC93092387CDDF0034759E /* softwearC */ = {
			isa = PBXGroup;
			children = (
				2D56C0C1238D50B60030D02E /* TableViewController.swift */,
				2DB8F5902390103E00D6C59F /* TabBarController.swift */,
				2DEC930E2387CDDF0034759E /* Main.storyboard */,
				2DEC93112387CDE00034759E /* Assets.xcassets */,
				2D56C0C3238D53D80030D02E /* AppDelegate.swift */,
				2DEC93132387CDE00034759E /* LaunchScreen.storyboard */,
				2DEC93162387CDE00034759E /* Info.plist */,
				2D078294238F6AD00007327C /* CommonClassLists.swift */,
				2D5FBE9A239110C200025F48 /* MajorClassLists.swift */,
				A244D52023A8AA580013EF2E /* ViewController.swift */,
			);
			path = softwearC;
			sourceTree = "<group>";
		};
/* End PBXGroup section */

/* Begin PBXNativeTarget section */
		2DEC93062387CDDF0034759E /* softwearC */ = {
			isa = PBXNativeTarget;
			buildConfigurationList = 2DEC93192387CDE00034759E /* Build configuration list for PBXNativeTarget "softwearC" */;
			buildPhases = (
				2DEC93032387CDDF0034759E /* Sources */,
				2DEC93042387CDDF0034759E /* Frameworks */,
				2DEC93052387CDDF0034759E /* Resources */,
			);
			buildRules = (
			);
			dependencies = (
			);
			name = softwearC;
			productName = softwearC;
			productReference = 2DEC93072387CDDF0034759E /* softwearC.app */;
			productType = "com.apple.product-type.application";
		};
/* End PBXNativeTarget section */

/* Begin PBXProject section */
		2DEC92FF2387CDDF0034759E /* Project object */ = {
			isa = PBXProject;
			attributes = {
				LastSwiftUpdateCheck = 1020;
				LastUpgradeCheck = 1020;
				ORGANIZATIONNAME = "Kodai Suemitsu";
				TargetAttributes = {
					2DEC93062387CDDF0034759E = {
						CreatedOnToolsVersion = 10.2.1;
					};
				};
			};
			buildConfigurationList = 2DEC93022387CDDF0034759E /* Build configuration list for PBXProject "softwearC" */;
			compatibilityVersion = "Xcode 9.3";
			developmentRegion = en;
			hasScannedForEncodings = 0;
			knownRegions = (
				en,
				Base,
			);
			mainGroup = 2DEC92FE2387CDDF0034759E;
			productRefGroup = 2DEC93082387CDDF0034759E /* Products */;
			projectDirPath = "";
			projectRoot = "";
			targets = (
				2DEC93062387CDDF0034759E /* softwearC */,
			);
		};
/* End PBXProject section */

/* Begin PBXResourcesBuildPhase section */
		2DEC93052387CDDF0034759E /* Resources */ = {
			isa = PBXResourcesBuildPhase;
			buildActionMask = 2147483647;
			files = (
				2DEC93152387CDE00034759E /* LaunchScreen.storyboard in Resources */,
				2DEC93122387CDE00034759E /* Assets.xcassets in Resources */,
				2DEC93102387CDDF0034759E /* Main.storyboard in Resources */,
			);
			runOnlyForDeploymentPostprocessing = 0;
		};
/* End PBXResourcesBuildPhase section */

/* Begin PBXSourcesBuildPhase section */
		2DEC93032387CDDF0034759E /* Sources */ = {
			isa = PBXSourcesBuildPhase;
			buildActionMask = 2147483647;
			files = (
				A244D52123A8AA580013EF2E /* ViewController.swift in Sources */,
				2D56C0C4238D53D80030D02E /* AppDelegate.swift in Sources */,
				2D56C0C2238D50B60030D02E /* TableViewController.swift in Sources */,
				2D5FBE9B239110C200025F48 /* MajorClassLists.swift in Sources */,
				2DB8F5912390103E00D6C59F /* TabBarController.swift in Sources */,
				2D078295238F6AD00007327C /* CommonClassLists.swift in Sources */,
			);
			runOnlyForDeploymentPostprocessing = 0;
		};
/* End PBXSourcesBuildPhase section */

/* Begin PBXVariantGroup section */
		2DEC930E2387CDDF0034759E /* Main.storyboard */ = {
			isa = PBXVariantGroup;
			children = (
				2DEC930F2387CDDF0034759E /* Base */,
			);
			name = Main.storyboard;
			sourceTree = "<group>";
		};
		2DEC93132387CDE00034759E /* LaunchScreen.storyboard */ = {
			isa = PBXVariantGroup;
			children = (
				2DEC93142387CDE00034759E /* Base */,
			);
			name = LaunchScreen.storyboard;
			sourceTree = "<group>";
		};
/* End PBXVariantGroup section */

/* Begin XCBuildConfiguration section */
		2DEC93172387CDE00034759E /* Debug */ = {
			isa = XCBuildConfiguration;
			buildSettings = {
				ALWAYS_SEARCH_USER_PATHS = NO;
				CLANG_ANALYZER_NONNULL = YES;
				CLANG_ANALYZER_NUMBER_OBJECT_CONVERSION = YES_AGGRESSIVE;
				CLANG_CXX_LANGUAGE_STANDARD = "gnu++14";
				CLANG_CXX_LIBRARY = "libc++";
				CLANG_ENABLE_MODULES = YES;
				CLANG_ENABLE_OBJC_ARC = YES;
				CLANG_ENABLE_OBJC_WEAK = YES;
				CLANG_WARN_BLOCK_CAPTURE_AUTORELEASING = YES;
				CLANG_WARN_BOOL_CONVERSION = YES;
				CLANG_WARN_COMMA = YES;
				CLANG_WARN_CONSTANT_CONVERSION = YES;
				CLANG_WARN_DEPRECATED_OBJC_IMPLEMENTATIONS = YES;
				CLANG_WARN_DIRECT_OBJC_ISA_USAGE = YES_ERROR;
				CLANG_WARN_DOCUMENTATION_COMMENTS = YES;
				CLANG_WARN_EMPTY_BODY = YES;
				CLANG_WARN_ENUM_CONVERSION = YES;
				CLANG_WARN_INFINITE_RECURSION = YES;
				CLANG_WARN_INT_CONVERSION = YES;
				CLANG_WARN_NON_LITERAL_NULL_CONVERSION = YES;
				CLANG_WARN_OBJC_IMPLICIT_RETAIN_SELF = YES;
				CLANG_WARN_OBJC_LITERAL_CONVERSION = YES;
				CLANG_WARN_OBJC_ROOT_CLASS = YES_ERROR;
				CLANG_WARN_RANGE_LOOP_ANALYSIS = YES;
				CLANG_WARN_STRICT_PROTOTYPES = YES;
				CLANG_WARN_SUSPICIOUS_MOVE = YES;
				CLANG_WARN_UNGUARDED_AVAILABILITY = YES_AGGRESSIVE;
				CLANG_WARN_UNREACHABLE_CODE = YES;
				CLANG_WARN__DUPLICATE_METHOD_MATCH = YES;
				CODE_SIGN_IDENTITY = "iPhone Developer";
				COPY_PHASE_STRIP = NO;
				DEBUG_INFORMATION_FORMAT = dwarf;
				DEVELOPMENT_TEAM = G5Y7NL39BB;
				ENABLE_STRICT_OBJC_MSGSEND = YES;
				ENABLE_TESTABILITY = YES;
				GCC_C_LANGUAGE_STANDARD = gnu11;
				GCC_DYNAMIC_NO_PIC = NO;
				GCC_NO_COMMON_BLOCKS = YES;
				GCC_OPTIMIZATION_LEVEL = 0;
				GCC_PREPROCESSOR_DEFINITIONS = (
					"DEBUG=1",
					"$(inherited)",
				);
				GCC_WARN_64_TO_32_BIT_CONVERSION = YES;
				GCC_WARN_ABOUT_RETURN_TYPE = YES_ERROR;
				GCC_WARN_UNDECLARED_SELECTOR = YES;
				GCC_WARN_UNINITIALIZED_AUTOS = YES_AGGRESSIVE;
				GCC_WARN_UNUSED_FUNCTION = YES;
				GCC_WARN_UNUSED_VARIABLE = YES;
				IPHONEOS_DEPLOYMENT_TARGET = 12.2;
				MTL_ENABLE_DEBUG_INFO = INCLUDE_SOURCE;
				MTL_FAST_MATH = YES;
				ONLY_ACTIVE_ARCH = YES;
				SDKROOT = iphoneos;
				SWIFT_ACTIVE_COMPILATION_CONDITIONS = DEBUG;
				SWIFT_OPTIMIZATION_LEVEL = "-Onone";
			};
			name = Debug;
		};
		2DEC93182387CDE00034759E /* Release */ = {
			isa = XCBuildConfiguration;
			buildSettings = {
				ALWAYS_SEARCH_USER_PATHS = NO;
				CLANG_ANALYZER_NONNULL = YES;
				CLANG_ANALYZER_NUMBER_OBJECT_CONVERSION = YES_AGGRESSIVE;
				CLANG_CXX_LANGUAGE_STANDARD = "gnu++14";
				CLANG_CXX_LIBRARY = "libc++";
				CLANG_ENABLE_MODULES = YES;
				CLANG_ENABLE_OBJC_ARC = YES;
				CLANG_ENABLE_OBJC_WEAK = YES;
				CLANG_WARN_BLOCK_CAPTURE_AUTORELEASING = YES;
				CLANG_WARN_BOOL_CONVERSION = YES;
				CLANG_WARN_COMMA = YES;
				CLANG_WARN_CONSTANT_CONVERSION = YES;
				CLANG_WARN_DEPRECATED_OBJC_IMPLEMENTATIONS = YES;
				CLANG_WARN_DIRECT_OBJC_ISA_USAGE = YES_ERROR;
				CLANG_WARN_DOCUMENTATION_COMMENTS = YES;
				CLANG_WARN_EMPTY_BODY = YES;
				CLANG_WARN_ENUM_CONVERSION = YES;
				CLANG_WARN_INFINITE_RECURSION = YES;
				CLANG_WARN_INT_CONVERSION = YES;
				CLANG_WARN_NON_LITERAL_NULL_CONVERSION = YES;
				CLANG_WARN_OBJC_IMPLICIT_RETAIN_SELF = YES;
				CLANG_WARN_OBJC_LITERAL_CONVERSION = YES;
				CLANG_WARN_OBJC_ROOT_CLASS = YES_ERROR;
				CLANG_WARN_RANGE_LOOP_ANALYSIS = YES;
				CLANG_WARN_STRICT_PROTOTYPES = YES;
				CLANG_WARN_SUSPICIOUS_MOVE = YES;
				CLANG_WARN_UNGUARDED_AVAILABILITY = YES_AGGRESSIVE;
				CLANG_WARN_UNREACHABLE_CODE = YES;
				CLANG_WARN__DUPLICATE_METHOD_MATCH = YES;
				CODE_SIGN_IDENTITY = "iPhone Developer";
				COPY_PHASE_STRIP = NO;
				DEBUG_INFORMATION_FORMAT = "dwarf-with-dsym";
				DEVELOPMENT_TEAM = G5Y7NL39BB;
				ENABLE_NS_ASSERTIONS = NO;
				ENABLE_STRICT_OBJC_MSGSEND = YES;
				GCC_C_LANGUAGE_STANDARD = gnu11;
				GCC_NO_COMMON_BLOCKS = YES;
				GCC_WARN_64_TO_32_BIT_CONVERSION = YES;
				GCC_WARN_ABOUT_RETURN_TYPE = YES_ERROR;
				GCC_WARN_UNDECLARED_SELECTOR = YES;
				GCC_WARN_UNINITIALIZED_AUTOS = YES_AGGRESSIVE;
				GCC_WARN_UNUSED_FUNCTION = YES;
				GCC_WARN_UNUSED_VARIABLE = YES;
				IPHONEOS_DEPLOYMENT_TARGET = 12.2;
				MTL_ENABLE_DEBUG_INFO = NO;
				MTL_FAST_MATH = YES;
				SDKROOT = iphoneos;
				SWIFT_COMPILATION_MODE = wholemodule;
				SWIFT_OPTIMIZATION_LEVEL = "-O";
				VALIDATE_PRODUCT = YES;
			};
			name = Release;
		};
		2DEC931A2387CDE00034759E /* Debug */ = {
			isa = XCBuildConfiguration;
			buildSettings = {
				ASSETCATALOG_COMPILER_APPICON_NAME = AppIcon;
				CODE_SIGN_STYLE = Automatic;
				INFOPLIST_FILE = softwearC/Info.plist;
				LD_RUNPATH_SEARCH_PATHS = (
					"$(inherited)",
					"@executable_path/Frameworks",
				);
				PRODUCT_BUNDLE_IDENTIFIER = com.teamc.softwearC;
				PRODUCT_NAME = "$(TARGET_NAME)";
				SWIFT_VERSION = 5.0;
				TARGETED_DEVICE_FAMILY = "1,2";
			};
			name = Debug;
		};
		2DEC931B2387CDE00034759E /* Release */ = {
			isa = XCBuildConfiguration;
			buildSettings = {
				ASSETCATALOG_COMPILER_APPICON_NAME = AppIcon;
				CODE_SIGN_STYLE = Automatic;
				INFOPLIST_FILE = softwearC/Info.plist;
				LD_RUNPATH_SEARCH_PATHS = (
					"$(inherited)",
					"@executable_path/Frameworks",
				);
				PRODUCT_BUNDLE_IDENTIFIER = com.teamc.softwearC;
				PRODUCT_NAME = "$(TARGET_NAME)";
				SWIFT_VERSION = 5.0;
				TARGETED_DEVICE_FAMILY = "1,2";
			};
			name = Release;
		};
/* End XCBuildConfiguration section */

/* Begin XCConfigurationList section */
		2DEC93022387CDDF0034759E /* Build configuration list for PBXProject "softwearC" */ = {
			isa = XCConfigurationList;
			buildConfigurations = (
				2DEC93172387CDE00034759E /* Debug */,
				2DEC93182387CDE00034759E /* Release */,
			);
			defaultConfigurationIsVisible = 0;
			defaultConfigurationName = Release;
		};
		2DEC93192387CDE00034759E /* Build configuration list for PBXNativeTarget "softwearC" */ = {
			isa = XCConfigurationList;
			buildConfigurations = (
				2DEC931A2387CDE00034759E /* Debug */,
				2DEC931B2387CDE00034759E /* Release */,
			);
			defaultConfigurationIsVisible = 0;
			defaultConfigurationName = Release;
		};
/* End XCConfigurationList section */
	};
	rootObject = 2DEC92FF2387CDDF0034759E /* Project object */;
}
